
Microsoft Visual Studio Solution File, Format Version 12.00
# Visual Studio Version 16
VisualStudioVersion = 25.0.1706.11
MinimumVisualStudioVersion = 10.0.40219.1
Project("{FAE04EC0-301F-11D3-BF4B-00C04F79EFBC}") = "CreekRiver", "CreekRiver.csproj", "{2B38812F-6B1C-4D26-9DD9-EF762FEBF1CA}"
EndProject
Global
	GlobalSection(SolutionConfigurationPlatforms) = preSolution
		Debug|Any CPU = Debug|Any CPU
		Release|Any CPU = Release|Any CPU
	EndGlobalSection
	GlobalSection(ProjectConfigurationPlatforms) = postSolution
		{2B38812F-6B1C-4D26-9DD9-EF762FEBF1CA}.Debug|Any CPU.ActiveCfg = Debug|Any CPU
		{2B38812F-6B1C-4D26-9DD9-EF762FEBF1CA}.Debug|Any CPU.Build.0 = Debug|Any CPU
		{2B38812F-6B1C-4D26-9DD9-EF762FEBF1CA}.Release|Any CPU.ActiveCfg = Release|Any CPU
		{2B38812F-6B1C-4D26-9DD9-EF762FEBF1CA}.Release|Any CPU.Build.0 = Release|Any CPU
	EndGlobalSection
	GlobalSection(SolutionProperties) = preSolution
		HideSolutionNode = FALSE
	EndGlobalSection
	GlobalSection(ExtensibilityGlobals) = postSolution
		SolutionGuid = {0FCB49BC-A149-40C6-941E-EFF822F511EF}
	EndGlobalSection
EndGlobal
